
Microsoft Visual Studio Solution File, Format Version 12.00
# Visual Studio Version 16
VisualStudioVersion = 25.0.1704.5
MinimumVisualStudioVersion = 10.0.40219.1
Project("{FAE04EC0-301F-11D3-BF4B-00C04F79EFBC}") = "beflightsearch", "beflightsearch.csproj", "{3A17354B-9D1B-45D6-9C90-915D47A1C129}"
EndProject
Project("{FAE04EC0-301F-11D3-BF4B-00C04F79EFBC}") = "beflightsearchtest", "..\beflightsearchtest\beflightsearchtest.csproj", "{37F7D33E-5453-4963-AFB9-23F5AF042411}"
EndProject
Global
	GlobalSection(SolutionConfigurationPlatforms) = preSolution
		Debug|Any CPU = Debug|Any CPU
		Release|Any CPU = Release|Any CPU
	EndGlobalSection
	GlobalSection(ProjectConfigurationPlatforms) = postSolution
		{3A17354B-9D1B-45D6-9C90-915D47A1C129}.Debug|Any CPU.ActiveCfg = Debug|Any CPU
		{3A17354B-9D1B-45D6-9C90-915D47A1C129}.Debug|Any CPU.Build.0 = Debug|Any CPU
		{3A17354B-9D1B-45D6-9C90-915D47A1C129}.Release|Any CPU.ActiveCfg = Release|Any CPU
		{3A17354B-9D1B-45D6-9C90-915D47A1C129}.Release|Any CPU.Build.0 = Release|Any CPU
		{37F7D33E-5453-4963-AFB9-23F5AF042411}.Debug|Any CPU.ActiveCfg = Debug|Any CPU
		{37F7D33E-5453-4963-AFB9-23F5AF042411}.Debug|Any CPU.Build.0 = Debug|Any CPU
		{37F7D33E-5453-4963-AFB9-23F5AF042411}.Release|Any CPU.ActiveCfg = Release|Any CPU
		{37F7D33E-5453-4963-AFB9-23F5AF042411}.Release|Any CPU.Build.0 = Release|Any CPU
	EndGlobalSection
	GlobalSection(SolutionProperties) = preSolution
		HideSolutionNode = FALSE
	EndGlobalSection
	GlobalSection(ExtensibilityGlobals) = postSolution
		SolutionGuid = {34C48A12-331D-4A92-A095-D1A88DD9777F}
	EndGlobalSection
EndGlobal
